{
  "requires": true,
  "lockfileVersion": 1,
  "dependencies": {
    "jweixin-module": {
      "version": "1.4.1",
      "resolved": "https://registry.npmjs.org/jweixin-module/-/jweixin-module-1.4.1.tgz",
      "integrity": "sha512-2R2oa1lYhAsclfjKSf3DP4ZiP1dcrQUbM7aklbeJA+UAg/LS7MqoA6UbTy1cs4sbB34z62K4bKW0Z9iazD8ejg=="
    },
    "mpvue-wxparse": {
      "version": "0.6.5",
      "resolved": "http://registry.npm.taobao.org/mpvue-wxparse/download/mpvue-wxparse-0.6.5.tgz"
    },
    "xiaozhu": {
      "version": "file:https:/registry.npm.taobao.org/xiaozhu/download/xiaozhu-2019.6.12.tgz",
      "integrity": "sha512-uSgM6TNIbkhaNJX69qGl7aMsTNyr0XSLcdvMtwFEoSnz2b4ia3JHn72DQOfRTBPExI0egoE7XRCvmIuocrXU6w=="
    }
  }
}
